
Microsoft Visual Studio Solution File, Format Version 12.00
# Visual Studio Version 16
VisualStudioVersion = 16.0.28803.202
MinimumVisualStudioVersion = 10.0.40219.1
Project("{FAE04EC0-301F-11D3-BF4B-00C04F79EFBC}") = "Event", "Event\Event.csproj", "{9EB61DAB-71A8-490B-BC52-E0A543F6B631}"
EndProject
Project("{FAE04EC0-301F-11D3-BF4B-00C04F79EFBC}") = "Interfaces", "Interfaces\Interfaces.csproj", "{B877F3E9-5857-4C30-8117-3D9ACCB94150}"
EndProject
Project("{FAE04EC0-301F-11D3-BF4B-00C04F79EFBC}") = "InterfaceImplementatin", "InterfaceImplementatin\InterfaceImplementatin.csproj", "{6B73F298-E195-486F-A579-E7AE9F40F68E}"
EndProject
Project("{FAE04EC0-301F-11D3-BF4B-00C04F79EFBC}") = "SomeStuff", "SomeStuff\SomeStuff.csproj", "{CE4EC6E8-49D8-4B02-B81F-CA0D88022219}"
EndProject
Project("{FAE04EC0-301F-11D3-BF4B-00C04F79EFBC}") = "StartingPoint", "StartingPoint\StartingPoint.csproj", "{04AD9130-F31E-4E0B-8525-C8B7DD2E177F}"
EndProject
Global
	GlobalSection(SolutionConfigurationPlatforms) = preSolution
		Debug|Any CPU = Debug|Any CPU
		Release|Any CPU = Release|Any CPU
	EndGlobalSection
	GlobalSection(ProjectConfigurationPlatforms) = postSolution
		{9EB61DAB-71A8-490B-BC52-E0A543F6B631}.Debug|Any CPU.ActiveCfg = Debug|Any CPU
		{9EB61DAB-71A8-490B-BC52-E0A543F6B631}.Debug|Any CPU.Build.0 = Debug|Any CPU
		{9EB61DAB-71A8-490B-BC52-E0A543F6B631}.Release|Any CPU.ActiveCfg = Release|Any CPU
		{9EB61DAB-71A8-490B-BC52-E0A543F6B631}.Release|Any CPU.Build.0 = Release|Any CPU
		{B877F3E9-5857-4C30-8117-3D9ACCB94150}.Debug|Any CPU.ActiveCfg = Debug|Any CPU
		{B877F3E9-5857-4C30-8117-3D9ACCB94150}.Debug|Any CPU.Build.0 = Debug|Any CPU
		{B877F3E9-5857-4C30-8117-3D9ACCB94150}.Release|Any CPU.ActiveCfg = Release|Any CPU
		{B877F3E9-5857-4C30-8117-3D9ACCB94150}.Release|Any CPU.Build.0 = Release|Any CPU
		{6B73F298-E195-486F-A579-E7AE9F40F68E}.Debug|Any CPU.ActiveCfg = Debug|Any CPU
		{6B73F298-E195-486F-A579-E7AE9F40F68E}.Debug|Any CPU.Build.0 = Debug|Any CPU
		{6B73F298-E195-486F-A579-E7AE9F40F68E}.Release|Any CPU.ActiveCfg = Release|Any CPU
		{6B73F298-E195-486F-A579-E7AE9F40F68E}.Release|Any CPU.Build.0 = Release|Any CPU
		{CE4EC6E8-49D8-4B02-B81F-CA0D88022219}.Debug|Any CPU.ActiveCfg = Debug|Any CPU
		{CE4EC6E8-49D8-4B02-B81F-CA0D88022219}.Debug|Any CPU.Build.0 = Debug|Any CPU
		{CE4EC6E8-49D8-4B02-B81F-CA0D88022219}.Release|Any CPU.ActiveCfg = Release|Any CPU
		{CE4EC6E8-49D8-4B02-B81F-CA0D88022219}.Release|Any CPU.Build.0 = Release|Any CPU
		{04AD9130-F31E-4E0B-8525-C8B7DD2E177F}.Debug|Any CPU.ActiveCfg = Debug|Any CPU
		{04AD9130-F31E-4E0B-8525-C8B7DD2E177F}.Debug|Any CPU.Build.0 = Debug|Any CPU
		{04AD9130-F31E-4E0B-8525-C8B7DD2E177F}.Release|Any CPU.ActiveCfg = Release|Any CPU
		{04AD9130-F31E-4E0B-8525-C8B7DD2E177F}.Release|Any CPU.Build.0 = Release|Any CPU
	EndGlobalSection
	GlobalSection(SolutionProperties) = preSolution
		HideSolutionNode = FALSE
	EndGlobalSection
	GlobalSection(ExtensibilityGlobals) = postSolution
		SolutionGuid = {79382DBA-CC52-41C2-A875-A363C9434128}
	EndGlobalSection
EndGlobal
